
Microsoft Visual Studio Solution File, Format Version 12.00
# Visual Studio 15
VisualStudioVersion = 15.0.27428.1
MinimumVisualStudioVersion = 10.0.40219.1
Project("{9A19103F-16F7-4668-BE54-9A1E7A4F7556}") = "Rocker.Chat.RestApiClient", "Rocker.Chat.RestApiClient.csproj", "{918EADED-A140-4436-9148-A6DC015D4055}"
EndProject
Global
	GlobalSection(SolutionConfigurationPlatforms) = preSolution
		Debug|Any CPU = Debug|Any CPU
		Release|Any CPU = Release|Any CPU
	EndGlobalSection
	GlobalSection(ProjectConfigurationPlatforms) = postSolution
		{918EADED-A140-4436-9148-A6DC015D4055}.Debug|Any CPU.ActiveCfg = Debug|Any CPU
		{918EADED-A140-4436-9148-A6DC015D4055}.Debug|Any CPU.Build.0 = Debug|Any CPU
		{918EADED-A140-4436-9148-A6DC015D4055}.Release|Any CPU.ActiveCfg = Release|Any CPU
		{918EADED-A140-4436-9148-A6DC015D4055}.Release|Any CPU.Build.0 = Release|Any CPU
	EndGlobalSection
	GlobalSection(SolutionProperties) = preSolution
		HideSolutionNode = FALSE
	EndGlobalSection
	GlobalSection(ExtensibilityGlobals) = postSolution
		SolutionGuid = {1A4F9C0A-3147-46CD-A89B-EBB5F257744F}
	EndGlobalSection
EndGlobal
